
Microsoft Visual Studio Solution File, Format Version 12.00
# Visual Studio 15
VisualStudioVersion = 15.0.28307.1259
MinimumVisualStudioVersion = 10.0.40219.1
Project("{8BC9CEB8-8B4A-11D0-8D11-00A0C91BC942}") = "game1", "game1\game1.vcxproj", "{63DEADEE-75B0-4E30-A356-3AE9FACD0DBF}"
EndProject
Global
	GlobalSection(SolutionConfigurationPlatforms) = preSolution
		Debug|x64 = Debug|x64
		Debug|x86 = Debug|x86
		Release|x64 = Release|x64
		Release|x86 = Release|x86
	EndGlobalSection
	GlobalSection(ProjectConfigurationPlatforms) = postSolution
		{63DEADEE-75B0-4E30-A356-3AE9FACD0DBF}.Debug|x64.ActiveCfg = Debug|x64
		{63DEADEE-75B0-4E30-A356-3AE9FACD0DBF}.Debug|x64.Build.0 = Debug|x64
		{63DEADEE-75B0-4E30-A356-3AE9FACD0DBF}.Debug|x86.ActiveCfg = Debug|Win32
		{63DEADEE-75B0-4E30-A356-3AE9FACD0DBF}.Debug|x86.Build.0 = Debug|Win32
		{63DEADEE-75B0-4E30-A356-3AE9FACD0DBF}.Release|x64.ActiveCfg = Release|x64
		{63DEADEE-75B0-4E30-A356-3AE9FACD0DBF}.Release|x64.Build.0 = Release|x64
		{63DEADEE-75B0-4E30-A356-3AE9FACD0DBF}.Release|x86.ActiveCfg = Release|Win32
		{63DEADEE-75B0-4E30-A356-3AE9FACD0DBF}.Release|x86.Build.0 = Release|Win32
	EndGlobalSection
	GlobalSection(SolutionProperties) = preSolution
		HideSolutionNode = FALSE
	EndGlobalSection
	GlobalSection(ExtensibilityGlobals) = postSolution
		SolutionGuid = {AB2E4E26-D448-4C22-84E9-7DC324EED6CF}
	EndGlobalSection
EndGlobal
