
Microsoft Visual Studio Solution File, Format Version 12.00
# Visual Studio 15
VisualStudioVersion = 15.0.28307.1267
MinimumVisualStudioVersion = 10.0.40219.1
Project("{8BC9CEB8-8B4A-11D0-8D11-00A0C91BC942}") = "Contact_Dynamic", "Contact_Dynamic\Contact_Dynamic.vcxproj", "{7FF9B7A7-3853-4366-BCDC-50D603BFE382}"
EndProject
Global
	GlobalSection(SolutionConfigurationPlatforms) = preSolution
		Debug|x64 = Debug|x64
		Debug|x86 = Debug|x86
		Release|x64 = Release|x64
		Release|x86 = Release|x86
	EndGlobalSection
	GlobalSection(ProjectConfigurationPlatforms) = postSolution
		{7FF9B7A7-3853-4366-BCDC-50D603BFE382}.Debug|x64.ActiveCfg = Debug|x64
		{7FF9B7A7-3853-4366-BCDC-50D603BFE382}.Debug|x64.Build.0 = Debug|x64
		{7FF9B7A7-3853-4366-BCDC-50D603BFE382}.Debug|x86.ActiveCfg = Debug|Win32
		{7FF9B7A7-3853-4366-BCDC-50D603BFE382}.Debug|x86.Build.0 = Debug|Win32
		{7FF9B7A7-3853-4366-BCDC-50D603BFE382}.Release|x64.ActiveCfg = Release|x64
		{7FF9B7A7-3853-4366-BCDC-50D603BFE382}.Release|x64.Build.0 = Release|x64
		{7FF9B7A7-3853-4366-BCDC-50D603BFE382}.Release|x86.ActiveCfg = Release|Win32
		{7FF9B7A7-3853-4366-BCDC-50D603BFE382}.Release|x86.Build.0 = Release|Win32
	EndGlobalSection
	GlobalSection(SolutionProperties) = preSolution
		HideSolutionNode = FALSE
	EndGlobalSection
	GlobalSection(ExtensibilityGlobals) = postSolution
		SolutionGuid = {1F819C26-6A1A-4FD6-A150-0ED94B6D08F4}
	EndGlobalSection
EndGlobal
